
Microsoft Visual Studio Solution File, Format Version 12.00
# Visual Studio Version 17
VisualStudioVersion = 17.0.32014.148
MinimumVisualStudioVersion = 10.0.40219.1
Project("{FAE04EC0-301F-11D3-BF4B-00C04F79EFBC}") = "FootballWebApplication", "FootballWebApplication.csproj", "{C6884F82-0463-4AF1-8411-6F019230AFEE}"
EndProject
Global
	GlobalSection(SolutionConfigurationPlatforms) = preSolution
		Debug|Any CPU = Debug|Any CPU
		Release|Any CPU = Release|Any CPU
	EndGlobalSection
	GlobalSection(ProjectConfigurationPlatforms) = postSolution
		{C6884F82-0463-4AF1-8411-6F019230AFEE}.Debug|Any CPU.ActiveCfg = Debug|Any CPU
		{C6884F82-0463-4AF1-8411-6F019230AFEE}.Debug|Any CPU.Build.0 = Debug|Any CPU
		{C6884F82-0463-4AF1-8411-6F019230AFEE}.Release|Any CPU.ActiveCfg = Release|Any CPU
		{C6884F82-0463-4AF1-8411-6F019230AFEE}.Release|Any CPU.Build.0 = Release|Any CPU
	EndGlobalSection
	GlobalSection(SolutionProperties) = preSolution
		HideSolutionNode = FALSE
	EndGlobalSection
	GlobalSection(ExtensibilityGlobals) = postSolution
		SolutionGuid = {FB0CB501-FC09-4620-927C-735B4F91FD30}
	EndGlobalSection
EndGlobal
